
Microsoft Visual Studio Solution File, Format Version 12.00
# Visual Studio 2012
Project("{FAE04EC0-301F-11D3-BF4B-00C04F79EFBC}") = "Settings", "Settings\Settings.csproj", "{728C5086-3343-49B5-B930-38D465F41250}"
EndProject
Global
	GlobalSection(SolutionConfigurationPlatforms) = preSolution
		Debug|iPhoneSimulator = Debug|iPhoneSimulator
		Release|iPhoneSimulator = Release|iPhoneSimulator
		Debug|iPhone = Debug|iPhone
		Release|iPhone = Release|iPhone
		Ad-Hoc|iPhone = Ad-Hoc|iPhone
		AppStore|iPhone = AppStore|iPhone
	EndGlobalSection
	GlobalSection(ProjectConfigurationPlatforms) = postSolution
		{728C5086-3343-49B5-B930-38D465F41250}.Ad-Hoc|iPhone.ActiveCfg = Ad-Hoc|iPhone
		{728C5086-3343-49B5-B930-38D465F41250}.Ad-Hoc|iPhone.Build.0 = Ad-Hoc|iPhone
		{728C5086-3343-49B5-B930-38D465F41250}.AppStore|iPhone.ActiveCfg = AppStore|iPhone
		{728C5086-3343-49B5-B930-38D465F41250}.AppStore|iPhone.Build.0 = AppStore|iPhone
		{728C5086-3343-49B5-B930-38D465F41250}.Debug|iPhone.ActiveCfg = Debug|iPhone
		{728C5086-3343-49B5-B930-38D465F41250}.Debug|iPhone.Build.0 = Debug|iPhone
		{728C5086-3343-49B5-B930-38D465F41250}.Debug|iPhoneSimulator.ActiveCfg = Debug|iPhoneSimulator
		{728C5086-3343-49B5-B930-38D465F41250}.Debug|iPhoneSimulator.Build.0 = Debug|iPhoneSimulator
		{728C5086-3343-49B5-B930-38D465F41250}.Release|iPhone.ActiveCfg = Release|iPhone
		{728C5086-3343-49B5-B930-38D465F41250}.Release|iPhone.Build.0 = Release|iPhone
		{728C5086-3343-49B5-B930-38D465F41250}.Release|iPhoneSimulator.ActiveCfg = Release|iPhoneSimulator
		{728C5086-3343-49B5-B930-38D465F41250}.Release|iPhoneSimulator.Build.0 = Release|iPhoneSimulator
	EndGlobalSection
EndGlobal
